
Microsoft Visual Studio Solution File, Format Version 12.00
# Visual Studio Version 17
VisualStudioVersion = 17.11.35312.102
MinimumVisualStudioVersion = 10.0.40219.1
Project("{FAE04EC0-301F-11D3-BF4B-00C04F79EFBC}") = "KutuphaneOtomasyonu", "KutuphaneOtomasyonu\KutuphaneOtomasyonu.csproj", "{F735F77E-10CF-442C-B9D6-0739C54808C9}"
EndProject
Project("{54435603-DBB4-11D2-8724-00A0C9A8B90C}") = "Setup1", "Setup1\Setup1.vdproj", "{3D88882B-50E3-4702-A6E2-B418699237C2}"
EndProject
Global
	GlobalSection(SolutionConfigurationPlatforms) = preSolution
		Debug|Any CPU = Debug|Any CPU
		Release|Any CPU = Release|Any CPU
	EndGlobalSection
	GlobalSection(ProjectConfigurationPlatforms) = postSolution
		{F735F77E-10CF-442C-B9D6-0739C54808C9}.Debug|Any CPU.ActiveCfg = Debug|Any CPU
		{F735F77E-10CF-442C-B9D6-0739C54808C9}.Debug|Any CPU.Build.0 = Debug|Any CPU
		{F735F77E-10CF-442C-B9D6-0739C54808C9}.Release|Any CPU.ActiveCfg = Release|Any CPU
		{F735F77E-10CF-442C-B9D6-0739C54808C9}.Release|Any CPU.Build.0 = Release|Any CPU
		{3D88882B-50E3-4702-A6E2-B418699237C2}.Debug|Any CPU.ActiveCfg = Debug
		{3D88882B-50E3-4702-A6E2-B418699237C2}.Release|Any CPU.ActiveCfg = Release
	EndGlobalSection
	GlobalSection(SolutionProperties) = preSolution
		HideSolutionNode = FALSE
	EndGlobalSection
	GlobalSection(ExtensibilityGlobals) = postSolution
		SolutionGuid = {147AF206-A7D2-480B-AA4D-F8B0C43E7489}
	EndGlobalSection
EndGlobal
